{
  "pins" : [
    {
      "identity" : "ios-dfu-library",
      "kind" : "remoteSourceControl",
      "location" : "https://github.com/NordicSemiconductor/IOS-DFU-Library",
      "state" : {
        "revision" : "ec5364755f4fcdf68d62ff4cf796d22e7b935f40",
        "version" : "4.13.0"
      }
    },
    {
      "identity" : "zipfoundation",
      "kind" : "remoteSourceControl",
      "location" : "https://github.com/weichsel/ZIPFoundation",
      "state" : {
        "revision" : "b979e8b52c7ae7f3f39fa0182e738e9e7257eb78",
        "version" : "0.9.18"
      }
    }
  ],
  "version" : 2
}
